
Microsoft Visual Studio Solution File, Format Version 12.00
# Visual Studio Version 17
VisualStudioVersion = 17.5.33530.505
MinimumVisualStudioVersion = 10.0.40219.1
Project("{9A19103F-16F7-4668-BE54-9A1E7A4F7556}") = "DiscordBot.Api", "BotGame\DiscordBot.Api.csproj", "{8F97C128-B3E4-4F32-9DBA-2BBC0A965D2E}"
EndProject
Project("{FAE04EC0-301F-11D3-BF4B-00C04F79EFBC}") = "Game.Api", "Game.Api\Game.Api.csproj", "{DED0E13E-3740-4A4A-935F-210B3D733D5B}"
EndProject
Global
	GlobalSection(SolutionConfigurationPlatforms) = preSolution
		Debug|Any CPU = Debug|Any CPU
		Release|Any CPU = Release|Any CPU
	EndGlobalSection
	GlobalSection(ProjectConfigurationPlatforms) = postSolution
		{8F97C128-B3E4-4F32-9DBA-2BBC0A965D2E}.Debug|Any CPU.ActiveCfg = Debug|Any CPU
		{8F97C128-B3E4-4F32-9DBA-2BBC0A965D2E}.Debug|Any CPU.Build.0 = Debug|Any CPU
		{8F97C128-B3E4-4F32-9DBA-2BBC0A965D2E}.Release|Any CPU.ActiveCfg = Release|Any CPU
		{8F97C128-B3E4-4F32-9DBA-2BBC0A965D2E}.Release|Any CPU.Build.0 = Release|Any CPU
		{DED0E13E-3740-4A4A-935F-210B3D733D5B}.Debug|Any CPU.ActiveCfg = Debug|Any CPU
		{DED0E13E-3740-4A4A-935F-210B3D733D5B}.Debug|Any CPU.Build.0 = Debug|Any CPU
		{DED0E13E-3740-4A4A-935F-210B3D733D5B}.Release|Any CPU.ActiveCfg = Release|Any CPU
		{DED0E13E-3740-4A4A-935F-210B3D733D5B}.Release|Any CPU.Build.0 = Release|Any CPU
	EndGlobalSection
	GlobalSection(SolutionProperties) = preSolution
		HideSolutionNode = FALSE
	EndGlobalSection
	GlobalSection(ExtensibilityGlobals) = postSolution
		SolutionGuid = {B52EA321-ECCB-409C-A4F2-3E44BF80B726}
	EndGlobalSection
EndGlobal
